// !$*UTF8*$!
{
	archiveVersion = 1;
	classes = {
	};
	objectVersion = 46;
	objects = {

/* Begin PBXBuildFile section */
		1733FA911A830CC0003C7773 /* AppDelegate.swift in Sources */ = {isa = PBXBuildFile; fileRef = 1733FA901A830CC0003C7773 /* AppDelegate.swift */; };
		1733FA931A830CC0003C7773 /* FindViewController.swift in Sources */ = {isa = PBXBuildFile; fileRef = 1733FA921A830CC0003C7773 /* FindViewController.swift */; };
		1733FA951A830CC0003C7773 /* PeggViewController.swift in Sources */ = {isa = PBXBuildFile; fileRef = 1733FA941A830CC0003C7773 /* PeggViewController.swift */; };
		1733FA981A830CC0003C7773 /* Storyboard.storyboard in Resources */ = {isa = PBXBuildFile; fileRef = 1733FA961A830CC0003C7773 /* Storyboard.storyboard */; };
		1733FA9A1A830CC0003C7773 /* Images.xcassets in Resources */ = {isa = PBXBuildFile; fileRef = 1733FA991A830CC0003C7773 /* Images.xcassets */; };
		1733FA9D1A830CC0003C7773 /* LaunchScreen.xib in Resources */ = {isa = PBXBuildFile; fileRef = 1733FA9B1A830CC0003C7773 /* LaunchScreen.xib */; };
		1733FAA91A830CC0003C7773 /* PeggTests.swift in Sources */ = {isa = PBXBuildFile; fileRef = 1733FAA81A830CC0003C7773 /* PeggTests.swift */; };
		1733FAB51A83241D003C7773 /* AuthViewController.swift in Sources */ = {isa = PBXBuildFile; fileRef = 1733FAB41A83241D003C7773 /* AuthViewController.swift */; };
		175BAE6D1A8812FF00892BE8 /* Badge.swift in Sources */ = {isa = PBXBuildFile; fileRef = 175BAE6C1A8812FF00892BE8 /* Badge.swift */; };
		178CC0661A88091A00271E39 /* Friend.swift in Sources */ = {isa = PBXBuildFile; fileRef = 178CC0651A88091A00271E39 /* Friend.swift */; };
		17CA66B71A87058800FA5591 /* AddFriendViewController.swift in Sources */ = {isa = PBXBuildFile; fileRef = 17CA66B61A87058800FA5591 /* AddFriendViewController.swift */; };
		17F75EAA1A86E4D30045B4F8 /* Pegg.swift in Sources */ = {isa = PBXBuildFile; fileRef = 17F75EA91A86E4D30045B4F8 /* Pegg.swift */; };
		17F968EE1A85CD87003637B7 /* AuthenticationManager.swift in Sources */ = {isa = PBXBuildFile; fileRef = 17F968ED1A85CD87003637B7 /* AuthenticationManager.swift */; };
		17F968F21A85D8DD003637B7 /* PeggAPI.swift in Sources */ = {isa = PBXBuildFile; fileRef = 17F968F11A85D8DD003637B7 /* PeggAPI.swift */; };
		346F5B1837C8D21822BBFEDA /* Pods.framework in Frameworks */ = {isa = PBXBuildFile; fileRef = 6617710EAD000F0246D4CAFE /* Pods.framework */; settings = {ATTRIBUTES = (Weak, ); }; };
		540CA4DF1A831F5600A384C1 /* ProfileViewController.swift in Sources */ = {isa = PBXBuildFile; fileRef = 540CA4DE1A831F5600A384C1 /* ProfileViewController.swift */; };
		544E41CB1A83543F0052C50D /* pegg_icon_full copy_small.png in Resources */ = {isa = PBXBuildFile; fileRef = 544E41CA1A83543F0052C50D /* pegg_icon_full copy_small.png */; };
		544E41D31A8369EF0052C50D /* bell_small.png in Resources */ = {isa = PBXBuildFile; fileRef = 544E41D21A8369EF0052C50D /* bell_small.png */; };
		544E41D51A8375A40052C50D /* pegg_icon_full.png in Resources */ = {isa = PBXBuildFile; fileRef = 544E41D41A8375A40052C50D /* pegg_icon_full.png */; };
		544E41D71A8377B50052C50D /* SignupViewController.swift in Sources */ = {isa = PBXBuildFile; fileRef = 544E41D61A8377B50052C50D /* SignupViewController.swift */; };
		549416C21A85A93700C28868 /* UserTableViewCell.swift in Sources */ = {isa = PBXBuildFile; fileRef = 549416C11A85A93700C28868 /* UserTableViewCell.swift */; };
		54B8357C1A840E3B00C1105A /* SettingsViewController.swift in Sources */ = {isa = PBXBuildFile; fileRef = 54B8357B1A840E3B00C1105A /* SettingsViewController.swift */; };
/* End PBXBuildFile section */

/* Begin PBXContainerItemProxy section */
		1733FAA31A830CC0003C7773 /* PBXContainerItemProxy */ = {
			isa = PBXContainerItemProxy;
			containerPortal = 1733FA831A830CC0003C7773 /* Project object */;
			proxyType = 1;
			remoteGlobalIDString = 1733FA8A1A830CC0003C7773;
			remoteInfo = Pegg;
		};
/* End PBXContainerItemProxy section */

/* Begin PBXFileReference section */
		1733FA8B1A830CC0003C7773 /* Pegg.app */ = {isa = PBXFileReference; explicitFileType = wrapper.application; includeInIndex = 0; path = Pegg.app; sourceTree = BUILT_PRODUCTS_DIR; };
		1733FA8F1A830CC0003C7773 /* Info.plist */ = {isa = PBXFileReference; lastKnownFileType = text.plist.xml; path = Info.plist; sourceTree = "<group>"; };
		1733FA901A830CC0003C7773 /* AppDelegate.swift */ = {isa = PBXFileReference; lastKnownFileType = sourcecode.swift; path = AppDelegate.swift; sourceTree = "<group>"; };
		1733FA921A830CC0003C7773 /* FindViewController.swift */ = {isa = PBXFileReference; lastKnownFileType = sourcecode.swift; path = FindViewController.swift; sourceTree = "<group>"; };
		1733FA941A830CC0003C7773 /* PeggViewController.swift */ = {isa = PBXFileReference; lastKnownFileType = sourcecode.swift; path = PeggViewController.swift; sourceTree = "<group>"; };
		1733FA971A830CC0003C7773 /* Base */ = {isa = PBXFileReference; lastKnownFileType = file.storyboard; name = Base; path = Base.lproj/Storyboard.storyboard; sourceTree = "<group>"; };
		1733FA991A830CC0003C7773 /* Images.xcassets */ = {isa = PBXFileReference; lastKnownFileType = folder.assetcatalog; path = Images.xcassets; sourceTree = "<group>"; };
		1733FA9C1A830CC0003C7773 /* Base */ = {isa = PBXFileReference; lastKnownFileType = file.xib; name = Base; path = Base.lproj/LaunchScreen.xib; sourceTree = "<group>"; };
		1733FAA21A830CC0003C7773 /* PeggTests.xctest */ = {isa = PBXFileReference; explicitFileType = wrapper.cfbundle; includeInIndex = 0; path = PeggTests.xctest; sourceTree = BUILT_PRODUCTS_DIR; };
		1733FAA71A830CC0003C7773 /* Info.plist */ = {isa = PBXFileReference; lastKnownFileType = text.plist.xml; path = Info.plist; sourceTree = "<group>"; };
		1733FAA81A830CC0003C7773 /* PeggTests.swift */ = {isa = PBXFileReference; lastKnownFileType = sourcecode.swift; path = PeggTests.swift; sourceTree = "<group>"; };
		1733FAB41A83241D003C7773 /* AuthViewController.swift */ = {isa = PBXFileReference; fileEncoding = 4; lastKnownFileType = sourcecode.swift; path = AuthViewController.swift; sourceTree = "<group>"; };
		175BAE6C1A8812FF00892BE8 /* Badge.swift */ = {isa = PBXFileReference; fileEncoding = 4; lastKnownFileType = sourcecode.swift; path = Badge.swift; sourceTree = "<group>"; };
		178CC0651A88091A00271E39 /* Friend.swift */ = {isa = PBXFileReference; fileEncoding = 4; lastKnownFileType = sourcecode.swift; path = Friend.swift; sourceTree = "<group>"; };
		17CA66B61A87058800FA5591 /* AddFriendViewController.swift */ = {isa = PBXFileReference; fileEncoding = 4; lastKnownFileType = sourcecode.swift; path = AddFriendViewController.swift; sourceTree = "<group>"; };
		17F75EA91A86E4D30045B4F8 /* Pegg.swift */ = {isa = PBXFileReference; fileEncoding = 4; lastKnownFileType = sourcecode.swift; path = Pegg.swift; sourceTree = "<group>"; };
		17F968ED1A85CD87003637B7 /* AuthenticationManager.swift */ = {isa = PBXFileReference; fileEncoding = 4; lastKnownFileType = sourcecode.swift; path = AuthenticationManager.swift; sourceTree = "<group>"; };
		17F968F11A85D8DD003637B7 /* PeggAPI.swift */ = {isa = PBXFileReference; fileEncoding = 4; lastKnownFileType = sourcecode.swift; path = PeggAPI.swift; sourceTree = "<group>"; };
		540CA4DE1A831F5600A384C1 /* ProfileViewController.swift */ = {isa = PBXFileReference; fileEncoding = 4; lastKnownFileType = sourcecode.swift; path = ProfileViewController.swift; sourceTree = "<group>"; };
		540CA4FF1A83277F00A384C1 /* Pegg-Bridging-Header.h */ = {isa = PBXFileReference; lastKnownFileType = sourcecode.c.h; path = "Pegg-Bridging-Header.h"; sourceTree = "<group>"; };
		544E41CA1A83543F0052C50D /* pegg_icon_full copy_small.png */ = {isa = PBXFileReference; lastKnownFileType = image.png; name = "pegg_icon_full copy_small.png"; path = "../pegg_icon_full copy_small.png"; sourceTree = "<group>"; };
		544E41D21A8369EF0052C50D /* bell_small.png */ = {isa = PBXFileReference; lastKnownFileType = image.png; path = bell_small.png; sourceTree = "<group>"; };
		544E41D41A8375A40052C50D /* pegg_icon_full.png */ = {isa = PBXFileReference; lastKnownFileType = image.png; path = pegg_icon_full.png; sourceTree = "<group>"; };
		544E41D61A8377B50052C50D /* SignupViewController.swift */ = {isa = PBXFileReference; fileEncoding = 4; lastKnownFileType = sourcecode.swift; path = SignupViewController.swift; sourceTree = "<group>"; };
		549416C11A85A93700C28868 /* UserTableViewCell.swift */ = {isa = PBXFileReference; fileEncoding = 4; lastKnownFileType = sourcecode.swift; path = UserTableViewCell.swift; sourceTree = "<group>"; };
		54B8357B1A840E3B00C1105A /* SettingsViewController.swift */ = {isa = PBXFileReference; fileEncoding = 4; lastKnownFileType = sourcecode.swift; path = SettingsViewController.swift; sourceTree = "<group>"; };
		6617710EAD000F0246D4CAFE /* Pods.framework */ = {isa = PBXFileReference; explicitFileType = wrapper.framework; includeInIndex = 0; path = Pods.framework; sourceTree = BUILT_PRODUCTS_DIR; };
		D13DBCFF8A6ECE741533F2D0 /* Pods.release.xcconfig */ = {isa = PBXFileReference; includeInIndex = 1; lastKnownFileType = text.xcconfig; name = Pods.release.xcconfig; path = "Pods/Target Support Files/Pods/Pods.release.xcconfig"; sourceTree = "<group>"; };
		D726C8C7EF921788336FDCB8 /* Pods.debug.xcconfig */ = {isa = PBXFileReference; includeInIndex = 1; lastKnownFileType = text.xcconfig; name = Pods.debug.xcconfig; path = "Pods/Target Support Files/Pods/Pods.debug.xcconfig"; sourceTree = "<group>"; };
/* End PBXFileReference section */

/* Begin PBXFrameworksBuildPhase section */
		1733FA881A830CC0003C7773 /* Frameworks */ = {
			isa = PBXFrameworksBuildPhase;
			buildActionMask = 2147483647;
			files = (
				346F5B1837C8D21822BBFEDA /* Pods.framework in Frameworks */,
			);
			runOnlyForDeploymentPostprocessing = 0;
		};
		1733FA9F1A830CC0003C7773 /* Frameworks */ = {
			isa = PBXFrameworksBuildPhase;
			buildActionMask = 2147483647;
			files = (
			);
			runOnlyForDeploymentPostprocessing = 0;
		};
/* End PBXFrameworksBuildPhase section */

/* Begin PBXGroup section */
		1733FA821A830CC0003C7773 = {
			isa = PBXGroup;
			children = (
				1733FA961A830CC0003C7773 /* Storyboard.storyboard */,
				1733FA9B1A830CC0003C7773 /* LaunchScreen.xib */,
				1733FA8D1A830CC0003C7773 /* Pegg */,
				1733FAA51A830CC0003C7773 /* PeggTests */,
				1733FA8C1A830CC0003C7773 /* Products */,
				68F3A0FC210E5D8066207EAA /* Pods */,
				F30B160DEC69CD34D4618F59 /* Frameworks */,
			);
			sourceTree = "<group>";
		};
		1733FA8C1A830CC0003C7773 /* Products */ = {
			isa = PBXGroup;
			children = (
				1733FA8B1A830CC0003C7773 /* Pegg.app */,
				1733FAA21A830CC0003C7773 /* PeggTests.xctest */,
			);
			name = Products;
			sourceTree = "<group>";
		};
		1733FA8D1A830CC0003C7773 /* Pegg */ = {
			isa = PBXGroup;
			children = (
				17E45C661A83590E00642FC4 /* Assets */,
				175BAE6E1A8815F500892BE8 /* Models */,
				1733FA901A830CC0003C7773 /* AppDelegate.swift */,
				17CA66B61A87058800FA5591 /* AddFriendViewController.swift */,
				1733FAB41A83241D003C7773 /* AuthViewController.swift */,
				549416C11A85A93700C28868 /* UserTableViewCell.swift */,
				1733FA921A830CC0003C7773 /* FindViewController.swift */,
				17F968ED1A85CD87003637B7 /* AuthenticationManager.swift */,
				54B8357B1A840E3B00C1105A /* SettingsViewController.swift */,
				544E41D61A8377B50052C50D /* SignupViewController.swift */,
				540CA4DE1A831F5600A384C1 /* ProfileViewController.swift */,
				1733FA941A830CC0003C7773 /* PeggViewController.swift */,
				17F968F11A85D8DD003637B7 /* PeggAPI.swift */,
				1733FA991A830CC0003C7773 /* Images.xcassets */,
				1733FA8E1A830CC0003C7773 /* Supporting Files */,
				540CA4FF1A83277F00A384C1 /* Pegg-Bridging-Header.h */,
			);
			path = Pegg;
			sourceTree = "<group>";
		};
		1733FA8E1A830CC0003C7773 /* Supporting Files */ = {
			isa = PBXGroup;
			children = (
				1733FA8F1A830CC0003C7773 /* Info.plist */,
			);
			name = "Supporting Files";
			sourceTree = "<group>";
		};
		1733FAA51A830CC0003C7773 /* PeggTests */ = {
			isa = PBXGroup;
			children = (
				1733FAA81A830CC0003C7773 /* PeggTests.swift */,
				1733FAA61A830CC0003C7773 /* Supporting Files */,
			);
			path = PeggTests;
			sourceTree = "<group>";
		};
		1733FAA61A830CC0003C7773 /* Supporting Files */ = {
			isa = PBXGroup;
			children = (
				1733FAA71A830CC0003C7773 /* Info.plist */,
			);
			name = "Supporting Files";
			sourceTree = "<group>";
		};
		175BAE6E1A8815F500892BE8 /* Models */ = {
			isa = PBXGroup;
			children = (
				175BAE6C1A8812FF00892BE8 /* Badge.swift */,
				178CC0651A88091A00271E39 /* Friend.swift */,
				17F75EA91A86E4D30045B4F8 /* Pegg.swift */,
			);
			name = Models;
			sourceTree = "<group>";
		};
		17E45C661A83590E00642FC4 /* Assets */ = {
			isa = PBXGroup;
			children = (
				544E41CA1A83543F0052C50D /* pegg_icon_full copy_small.png */,
				544E41D21A8369EF0052C50D /* bell_small.png */,
				544E41D41A8375A40052C50D /* pegg_icon_full.png */,
			);
			name = Assets;
			sourceTree = "<group>";
		};
		68F3A0FC210E5D8066207EAA /* Pods */ = {
			isa = PBXGroup;
			children = (
				D726C8C7EF921788336FDCB8 /* Pods.debug.xcconfig */,
				D13DBCFF8A6ECE741533F2D0 /* Pods.release.xcconfig */,
			);
			name = Pods;
			sourceTree = "<group>";
		};
		F30B160DEC69CD34D4618F59 /* Frameworks */ = {
			isa = PBXGroup;
			children = (
				6617710EAD000F0246D4CAFE /* Pods.framework */,
			);
			name = Frameworks;
			sourceTree = "<group>";
		};
/* End PBXGroup section */

/* Begin PBXNativeTarget section */
		1733FA8A1A830CC0003C7773 /* Pegg */ = {
			isa = PBXNativeTarget;
			buildConfigurationList = 1733FAAC1A830CC0003C7773 /* Build configuration list for PBXNativeTarget "Pegg" */;
			buildPhases = (
				79D606E7BE99A963E54C2479 /* Check Pods Manifest.lock */,
				1733FA871A830CC0003C7773 /* Sources */,
				1733FA881A830CC0003C7773 /* Frameworks */,
				1733FA891A830CC0003C7773 /* Resources */,
				73DB3792078BA6EF3F205599 /* Embed Pods Frameworks */,
				5C372EE8EAD1DC7BDDD48F24 /* Copy Pods Resources */,
			);
			buildRules = (
			);
			dependencies = (
			);
			name = Pegg;
			productName = Pegg;
			productReference = 1733FA8B1A830CC0003C7773 /* Pegg.app */;
			productType = "com.apple.product-type.application";
		};
		1733FAA11A830CC0003C7773 /* PeggTests */ = {
			isa = PBXNativeTarget;
			buildConfigurationList = 1733FAAF1A830CC0003C7773 /* Build configuration list for PBXNativeTarget "PeggTests" */;
			buildPhases = (
				1733FA9E1A830CC0003C7773 /* Sources */,
				1733FA9F1A830CC0003C7773 /* Frameworks */,
				1733FAA01A830CC0003C7773 /* Resources */,
			);
			buildRules = (
			);
			dependencies = (
				1733FAA41A830CC0003C7773 /* PBXTargetDependency */,
			);
			name = PeggTests;
			productName = PeggTests;
			productReference = 1733FAA21A830CC0003C7773 /* PeggTests.xctest */;
			productType = "com.apple.product-type.bundle.unit-test";
		};
/* End PBXNativeTarget section */

/* Begin PBXProject section */
		1733FA831A830CC0003C7773 /* Project object */ = {
			isa = PBXProject;
			attributes = {
				LastUpgradeCheck = 0610;
				ORGANIZATIONNAME = "Henry Saniuk, Stuart Olivera, Brandon Hudson";
				TargetAttributes = {
					1733FA8A1A830CC0003C7773 = {
						CreatedOnToolsVersion = 6.1.1;
						DevelopmentTeam = LCB3NE4A8E;
					};
					1733FAA11A830CC0003C7773 = {
						CreatedOnToolsVersion = 6.1.1;
						DevelopmentTeam = LCB3NE4A8E;
						TestTargetID = 1733FA8A1A830CC0003C7773;
					};
				};
			};
			buildConfigurationList = 1733FA861A830CC0003C7773 /* Build configuration list for PBXProject "Pegg" */;
			compatibilityVersion = "Xcode 3.2";
			developmentRegion = English;
			hasScannedForEncodings = 0;
			knownRegions = (
				en,
				Base,
			);
			mainGroup = 1733FA821A830CC0003C7773;
			productRefGroup = 1733FA8C1A830CC0003C7773 /* Products */;
			projectDirPath = "";
			projectRoot = "";
			targets = (
				1733FA8A1A830CC0003C7773 /* Pegg */,
				1733FAA11A830CC0003C7773 /* PeggTests */,
			);
		};
/* End PBXProject section */

/* Begin PBXResourcesBuildPhase section */
		1733FA891A830CC0003C7773 /* Resources */ = {
			isa = PBXResourcesBuildPhase;
			buildActionMask = 2147483647;
			files = (
				1733FA981A830CC0003C7773 /* Storyboard.storyboard in Resources */,
				544E41D31A8369EF0052C50D /* bell_small.png in Resources */,
				544E41D51A8375A40052C50D /* pegg_icon_full.png in Resources */,
				1733FA9D1A830CC0003C7773 /* LaunchScreen.xib in Resources */,
				1733FA9A1A830CC0003C7773 /* Images.xcassets in Resources */,
				544E41CB1A83543F0052C50D /* pegg_icon_full copy_small.png in Resources */,
			);
			runOnlyForDeploymentPostprocessing = 0;
		};
		1733FAA01A830CC0003C7773 /* Resources */ = {
			isa = PBXResourcesBuildPhase;
			buildActionMask = 2147483647;
			files = (
			);
			runOnlyForDeploymentPostprocessing = 0;
		};
/* End PBXResourcesBuildPhase section */

/* Begin PBXShellScriptBuildPhase section */
		5C372EE8EAD1DC7BDDD48F24 /* Copy Pods Resources */ = {
			isa = PBXShellScriptBuildPhase;
			buildActionMask = 2147483647;
			files = (
			);
			inputPaths = (
			);
			name = "Copy Pods Resources";
			outputPaths = (
			);
			runOnlyForDeploymentPostprocessing = 0;
			shellPath = /bin/sh;
			shellScript = "\"${SRCROOT}/Pods/Target Support Files/Pods/Pods-resources.sh\"\n";
			showEnvVarsInLog = 0;
		};
		73DB3792078BA6EF3F205599 /* Embed Pods Frameworks */ = {
			isa = PBXShellScriptBuildPhase;
			buildActionMask = 2147483647;
			files = (
			);
			inputPaths = (
			);
			name = "Embed Pods Frameworks";
			outputPaths = (
			);
			runOnlyForDeploymentPostprocessing = 0;
			shellPath = /bin/sh;
			shellScript = "\"${SRCROOT}/Pods/Target Support Files/Pods/Pods-frameworks.sh\"\n";
			showEnvVarsInLog = 0;
		};
		79D606E7BE99A963E54C2479 /* Check Pods Manifest.lock */ = {
			isa = PBXShellScriptBuildPhase;
			buildActionMask = 2147483647;
			files = (
			);
			inputPaths = (
			);
			name = "Check Pods Manifest.lock";
			outputPaths = (
			);
			runOnlyForDeploymentPostprocessing = 0;
			shellPath = /bin/sh;
			shellScript = "diff \"${PODS_ROOT}/../Podfile.lock\" \"${PODS_ROOT}/Manifest.lock\" > /dev/null\nif [[ $? != 0 ]] ; then\n    cat << EOM\nerror: The sandbox is not in sync with the Podfile.lock. Run 'pod install' or update your CocoaPods installation.\nEOM\n    exit 1\nfi\n";
			showEnvVarsInLog = 0;
		};
/* End PBXShellScriptBuildPhase section */

/* Begin PBXSourcesBuildPhase section */
		1733FA871A830CC0003C7773 /* Sources */ = {
			isa = PBXSourcesBuildPhase;
			buildActionMask = 2147483647;
			files = (
				17CA66B71A87058800FA5591 /* AddFriendViewController.swift in Sources */,
				17F75EAA1A86E4D30045B4F8 /* Pegg.swift in Sources */,
				544E41D71A8377B50052C50D /* SignupViewController.swift in Sources */,
				17F968F21A85D8DD003637B7 /* PeggAPI.swift in Sources */,
				549416C21A85A93700C28868 /* UserTableViewCell.swift in Sources */,
				1733FA951A830CC0003C7773 /* PeggViewController.swift in Sources */,
				17F968EE1A85CD87003637B7 /* AuthenticationManager.swift in Sources */,
				175BAE6D1A8812FF00892BE8 /* Badge.swift in Sources */,
				54B8357C1A840E3B00C1105A /* SettingsViewController.swift in Sources */,
				1733FA911A830CC0003C7773 /* AppDelegate.swift in Sources */,
				1733FAB51A83241D003C7773 /* AuthViewController.swift in Sources */,
				540CA4DF1A831F5600A384C1 /* ProfileViewController.swift in Sources */,
				178CC0661A88091A00271E39 /* Friend.swift in Sources */,
				1733FA931A830CC0003C7773 /* FindViewController.swift in Sources */,
			);
			runOnlyForDeploymentPostprocessing = 0;
		};
		1733FA9E1A830CC0003C7773 /* Sources */ = {
			isa = PBXSourcesBuildPhase;
			buildActionMask = 2147483647;
			files = (
				1733FAA91A830CC0003C7773 /* PeggTests.swift in Sources */,
			);
			runOnlyForDeploymentPostprocessing = 0;
		};
/* End PBXSourcesBuildPhase section */

/* Begin PBXTargetDependency section */
		1733FAA41A830CC0003C7773 /* PBXTargetDependency */ = {
			isa = PBXTargetDependency;
			target = 1733FA8A1A830CC0003C7773 /* Pegg */;
			targetProxy = 1733FAA31A830CC0003C7773 /* PBXContainerItemProxy */;
		};
/* End PBXTargetDependency section */

/* Begin PBXVariantGroup section */
		1733FA961A830CC0003C7773 /* Storyboard.storyboard */ = {
			isa = PBXVariantGroup;
			children = (
				1733FA971A830CC0003C7773 /* Base */,
			);
			name = Storyboard.storyboard;
			path = Pegg;
			sourceTree = "<group>";
		};
		1733FA9B1A830CC0003C7773 /* LaunchScreen.xib */ = {
			isa = PBXVariantGroup;
			children = (
				1733FA9C1A830CC0003C7773 /* Base */,
			);
			name = LaunchScreen.xib;
			path = Pegg;
			sourceTree = "<group>";
		};
/* End PBXVariantGroup section */

/* Begin XCBuildConfiguration section */
		1733FAAA1A830CC0003C7773 /* Debug */ = {
			isa = XCBuildConfiguration;
			buildSettings = {
				ALWAYS_SEARCH_USER_PATHS = NO;
				CLANG_CXX_LANGUAGE_STANDARD = "gnu++0x";
				CLANG_CXX_LIBRARY = "libc++";
				CLANG_ENABLE_MODULES = YES;
				CLANG_ENABLE_OBJC_ARC = YES;
				CLANG_WARN_BOOL_CONVERSION = YES;
				CLANG_WARN_CONSTANT_CONVERSION = YES;
				CLANG_WARN_DIRECT_OBJC_ISA_USAGE = YES_ERROR;
				CLANG_WARN_EMPTY_BODY = YES;
				CLANG_WARN_ENUM_CONVERSION = YES;
				CLANG_WARN_INT_CONVERSION = YES;
				CLANG_WARN_OBJC_ROOT_CLASS = YES_ERROR;
				CLANG_WARN_UNREACHABLE_CODE = YES;
				CLANG_WARN__DUPLICATE_METHOD_MATCH = YES;
				"CODE_SIGN_IDENTITY[sdk=iphoneos*]" = "iPhone Developer";
				COPY_PHASE_STRIP = NO;
				ENABLE_STRICT_OBJC_MSGSEND = YES;
				GCC_C_LANGUAGE_STANDARD = gnu99;
				GCC_DYNAMIC_NO_PIC = NO;
				GCC_OPTIMIZATION_LEVEL = 0;
				GCC_PREPROCESSOR_DEFINITIONS = (
					"DEBUG=1",
					"$(inherited)",
				);
				GCC_SYMBOLS_PRIVATE_EXTERN = NO;
				GCC_WARN_64_TO_32_BIT_CONVERSION = YES;
				GCC_WARN_ABOUT_RETURN_TYPE = YES_ERROR;
				GCC_WARN_UNDECLARED_SELECTOR = YES;
				GCC_WARN_UNINITIALIZED_AUTOS = YES_AGGRESSIVE;
				GCC_WARN_UNUSED_FUNCTION = YES;
				GCC_WARN_UNUSED_VARIABLE = YES;
				IPHONEOS_DEPLOYMENT_TARGET = 8.1;
				MTL_ENABLE_DEBUG_INFO = YES;
				ONLY_ACTIVE_ARCH = YES;
				SDKROOT = iphoneos;
				SWIFT_OPTIMIZATION_LEVEL = "-Onone";
				TARGETED_DEVICE_FAMILY = "1,2";
			};
			name = Debug;
		};
		1733FAAB1A830CC0003C7773 /* Release */ = {
			isa = XCBuildConfiguration;
			buildSettings = {
				ALWAYS_SEARCH_USER_PATHS = NO;
				CLANG_CXX_LANGUAGE_STANDARD = "gnu++0x";
				CLANG_CXX_LIBRARY = "libc++";
				CLANG_ENABLE_MODULES = YES;
				CLANG_ENABLE_OBJC_ARC = YES;
				CLANG_WARN_BOOL_CONVERSION = YES;
				CLANG_WARN_CONSTANT_CONVERSION = YES;
				CLANG_WARN_DIRECT_OBJC_ISA_USAGE = YES_ERROR;
				CLANG_WARN_EMPTY_BODY = YES;
				CLANG_WARN_ENUM_CONVERSION = YES;
				CLANG_WARN_INT_CONVERSION = YES;
				CLANG_WARN_OBJC_ROOT_CLASS = YES_ERROR;
				CLANG_WARN_UNREACHABLE_CODE = YES;
				CLANG_WARN__DUPLICATE_METHOD_MATCH = YES;
				"CODE_SIGN_IDENTITY[sdk=iphoneos*]" = "iPhone Developer";
				COPY_PHASE_STRIP = YES;
				ENABLE_NS_ASSERTIONS = NO;
				ENABLE_STRICT_OBJC_MSGSEND = YES;
				GCC_C_LANGUAGE_STANDARD = gnu99;
				GCC_WARN_64_TO_32_BIT_CONVERSION = YES;
				GCC_WARN_ABOUT_RETURN_TYPE = YES_ERROR;
				GCC_WARN_UNDECLARED_SELECTOR = YES;
				GCC_WARN_UNINITIALIZED_AUTOS = YES_AGGRESSIVE;
				GCC_WARN_UNUSED_FUNCTION = YES;
				GCC_WARN_UNUSED_VARIABLE = YES;
				IPHONEOS_DEPLOYMENT_TARGET = 8.1;
				MTL_ENABLE_DEBUG_INFO = NO;
				SDKROOT = iphoneos;
				TARGETED_DEVICE_FAMILY = "1,2";
				VALIDATE_PRODUCT = YES;
			};
			name = Release;
		};
		1733FAAD1A830CC0003C7773 /* Debug */ = {
			isa = XCBuildConfiguration;
			baseConfigurationReference = D726C8C7EF921788336FDCB8 /* Pods.debug.xcconfig */;
			buildSettings = {
				ASSETCATALOG_COMPILER_APPICON_NAME = AppIcon;
				CLANG_ENABLE_MODULES = YES;
				CODE_SIGN_IDENTITY = "iPhone Developer";
				FRAMEWORK_SEARCH_PATHS = (
					"$(inherited)",
					"/Users/henrysaniuk/Downloads/parse-library-1.6.2",
					"/Users/henrysaniuk/Downloads/parse-library-1.6.2",
					2,
					"/Users/henrysaniuk/Downloads/parse-library-1.6.2",
					3,
				);
				INFOPLIST_FILE = Pegg/Info.plist;
				IPHONEOS_DEPLOYMENT_TARGET = 8.0;
				LD_RUNPATH_SEARCH_PATHS = "$(inherited) @executable_path/Frameworks";
				PRODUCT_NAME = "$(TARGET_NAME)";
				SWIFT_OBJC_BRIDGING_HEADER = "Pegg/Pegg-Bridging-Header.h";
				SWIFT_OPTIMIZATION_LEVEL = "-Onone";
			};
			name = Debug;
		};
		1733FAAE1A830CC0003C7773 /* Release */ = {
			isa = XCBuildConfiguration;
			baseConfigurationReference = D13DBCFF8A6ECE741533F2D0 /* Pods.release.xcconfig */;
			buildSettings = {
				ASSETCATALOG_COMPILER_APPICON_NAME = AppIcon;
				CLANG_ENABLE_MODULES = YES;
				CODE_SIGN_IDENTITY = "iPhone Developer";
				FRAMEWORK_SEARCH_PATHS = (
					"$(inherited)",
					"/Users/henrysaniuk/Downloads/parse-library-1.6.2",
					"/Users/henrysaniuk/Downloads/parse-library-1.6.2",
					2,
					"/Users/henrysaniuk/Downloads/parse-library-1.6.2",
					3,
				);
				INFOPLIST_FILE = Pegg/Info.plist;
				IPHONEOS_DEPLOYMENT_TARGET = 8.0;
				LD_RUNPATH_SEARCH_PATHS = "$(inherited) @executable_path/Frameworks";
				PRODUCT_NAME = "$(TARGET_NAME)";
				SWIFT_OBJC_BRIDGING_HEADER = "Pegg/Pegg-Bridging-Header.h";
				SWIFT_OPTIMIZATION_LEVEL = "-Onone";
			};
			name = Release;
		};
		1733FAB01A830CC0003C7773 /* Debug */ = {
			isa = XCBuildConfiguration;
			buildSettings = {
				BUNDLE_LOADER = "$(TEST_HOST)";
				FRAMEWORK_SEARCH_PATHS = (
					"$(SDKROOT)/Developer/Library/Frameworks",
					"$(inherited)",
				);
				GCC_PREPROCESSOR_DEFINITIONS = (
					"DEBUG=1",
					"$(inherited)",
				);
				INFOPLIST_FILE = PeggTests/Info.plist;
				LD_RUNPATH_SEARCH_PATHS = "$(inherited) @executable_path/Frameworks @loader_path/Frameworks";
				PRODUCT_NAME = "$(TARGET_NAME)";
				TEST_HOST = "$(BUILT_PRODUCTS_DIR)/Pegg.app/Pegg";
			};
			name = Debug;
		};
		1733FAB11A830CC0003C7773 /* Release */ = {
			isa = XCBuildConfiguration;
			buildSettings = {
				BUNDLE_LOADER = "$(TEST_HOST)";
				FRAMEWORK_SEARCH_PATHS = (
					"$(SDKROOT)/Developer/Library/Frameworks",
					"$(inherited)",
				);
				INFOPLIST_FILE = PeggTests/Info.plist;
				LD_RUNPATH_SEARCH_PATHS = "$(inherited) @executable_path/Frameworks @loader_path/Frameworks";
				PRODUCT_NAME = "$(TARGET_NAME)";
				TEST_HOST = "$(BUILT_PRODUCTS_DIR)/Pegg.app/Pegg";
			};
			name = Release;
		};
/* End XCBuildConfiguration section */

/* Begin XCConfigurationList section */
		1733FA861A830CC0003C7773 /* Build configuration list for PBXProject "Pegg" */ = {
			isa = XCConfigurationList;
			buildConfigurations = (
				1733FAAA1A830CC0003C7773 /* Debug */,
				1733FAAB1A830CC0003C7773 /* Release */,
			);
			defaultConfigurationIsVisible = 0;
			defaultConfigurationName = Release;
		};
		1733FAAC1A830CC0003C7773 /* Build configuration list for PBXNativeTarget "Pegg" */ = {
			isa = XCConfigurationList;
			buildConfigurations = (
				1733FAAD1A830CC0003C7773 /* Debug */,
				1733FAAE1A830CC0003C7773 /* Release */,
			);
			defaultConfigurationIsVisible = 0;
			defaultConfigurationName = Release;
		};
		1733FAAF1A830CC0003C7773 /* Build configuration list for PBXNativeTarget "PeggTests" */ = {
			isa = XCConfigurationList;
			buildConfigurations = (
				1733FAB01A830CC0003C7773 /* Debug */,
				1733FAB11A830CC0003C7773 /* Release */,
			);
			defaultConfigurationIsVisible = 0;
			defaultConfigurationName = Release;
		};
/* End XCConfigurationList section */
	};
	rootObject = 1733FA831A830CC0003C7773 /* Project object */;
}
