// !$*UTF8*$!
{
	archiveVersion = 1;
	classes = {
	};
	objectVersion = 46;
	objects = {

/* Begin PBXBuildFile section */
		1733FA911A830CC0003C7773 /* AppDelegate.swift in Sources */ = {isa = PBXBuildFile; fileRef = 1733FA901A830CC0003C7773 /* AppDelegate.swift */; };
		1733FA931A830CC0003C7773 /* FindViewController.swift in Sources */ = {isa = PBXBuildFile; fileRef = 1733FA921A830CC0003C7773 /* FindViewController.swift */; };
		1733FA951A830CC0003C7773 /* PeggViewController.swift in Sources */ = {isa = PBXBuildFile; fileRef = 1733FA941A830CC0003C7773 /* PeggViewController.swift */; };
		1733FA981A830CC0003C7773 /* Main.storyboard in Resources */ = {isa = PBXBuildFile; fileRef = 1733FA961A830CC0003C7773 /* Main.storyboard */; };
		1733FA9A1A830CC0003C7773 /* Images.xcassets in Resources */ = {isa = PBXBuildFile; fileRef = 1733FA991A830CC0003C7773 /* Images.xcassets */; };
		1733FA9D1A830CC0003C7773 /* LaunchScreen.xib in Resources */ = {isa = PBXBuildFile; fileRef = 1733FA9B1A830CC0003C7773 /* LaunchScreen.xib */; };
		1733FAA91A830CC0003C7773 /* PeggTests.swift in Sources */ = {isa = PBXBuildFile; fileRef = 1733FAA81A830CC0003C7773 /* PeggTests.swift */; };
		1733FAB51A83241D003C7773 /* AuthViewController.swift in Sources */ = {isa = PBXBuildFile; fileRef = 1733FAB41A83241D003C7773 /* AuthViewController.swift */; };
		540CA4DF1A831F5600A384C1 /* ProfileViewController.swift in Sources */ = {isa = PBXBuildFile; fileRef = 540CA4DE1A831F5600A384C1 /* ProfileViewController.swift */; };
		544E41C91A8353520052C50D /* pegg_icon_full.png in Resources */ = {isa = PBXBuildFile; fileRef = 544E41C81A8353520052C50D /* pegg_icon_full.png */; };
		544E41CB1A83543F0052C50D /* pegg_icon_full copy_small.png in Resources */ = {isa = PBXBuildFile; fileRef = 544E41CA1A83543F0052C50D /* pegg_icon_full copy_small.png */; };
		544E41D11A83553B0052C50D /* bell_small.png in Resources */ = {isa = PBXBuildFile; fileRef = 544E41D01A83553B0052C50D /* bell_small.png */; };
/* End PBXBuildFile section */

/* Begin PBXContainerItemProxy section */
		1733FAA31A830CC0003C7773 /* PBXContainerItemProxy */ = {
			isa = PBXContainerItemProxy;
			containerPortal = 1733FA831A830CC0003C7773 /* Project object */;
			proxyType = 1;
			remoteGlobalIDString = 1733FA8A1A830CC0003C7773;
			remoteInfo = Pegg;
		};
/* End PBXContainerItemProxy section */

/* Begin PBXFileReference section */
		1733FA8B1A830CC0003C7773 /* Pegg.app */ = {isa = PBXFileReference; explicitFileType = wrapper.application; includeInIndex = 0; path = Pegg.app; sourceTree = BUILT_PRODUCTS_DIR; };
		1733FA8F1A830CC0003C7773 /* Info.plist */ = {isa = PBXFileReference; lastKnownFileType = text.plist.xml; path = Info.plist; sourceTree = "<group>"; };
		1733FA901A830CC0003C7773 /* AppDelegate.swift */ = {isa = PBXFileReference; lastKnownFileType = sourcecode.swift; path = AppDelegate.swift; sourceTree = "<group>"; };
		1733FA921A830CC0003C7773 /* FindViewController.swift */ = {isa = PBXFileReference; lastKnownFileType = sourcecode.swift; path = FindViewController.swift; sourceTree = "<group>"; };
		1733FA941A830CC0003C7773 /* PeggViewController.swift */ = {isa = PBXFileReference; lastKnownFileType = sourcecode.swift; path = PeggViewController.swift; sourceTree = "<group>"; };
		1733FA971A830CC0003C7773 /* Base */ = {isa = PBXFileReference; lastKnownFileType = file.storyboard; name = Base; path = Base.lproj/Main.storyboard; sourceTree = "<group>"; };
		1733FA991A830CC0003C7773 /* Images.xcassets */ = {isa = PBXFileReference; lastKnownFileType = folder.assetcatalog; path = Images.xcassets; sourceTree = "<group>"; };
		1733FA9C1A830CC0003C7773 /* Base */ = {isa = PBXFileReference; lastKnownFileType = file.xib; name = Base; path = Base.lproj/LaunchScreen.xib; sourceTree = "<group>"; };
		1733FAA21A830CC0003C7773 /* PeggTests.xctest */ = {isa = PBXFileReference; explicitFileType = wrapper.cfbundle; includeInIndex = 0; path = PeggTests.xctest; sourceTree = BUILT_PRODUCTS_DIR; };
		1733FAA71A830CC0003C7773 /* Info.plist */ = {isa = PBXFileReference; lastKnownFileType = text.plist.xml; path = Info.plist; sourceTree = "<group>"; };
		1733FAA81A830CC0003C7773 /* PeggTests.swift */ = {isa = PBXFileReference; lastKnownFileType = sourcecode.swift; path = PeggTests.swift; sourceTree = "<group>"; };
		1733FAB41A83241D003C7773 /* AuthViewController.swift */ = {isa = PBXFileReference; fileEncoding = 4; lastKnownFileType = sourcecode.swift; path = AuthViewController.swift; sourceTree = "<group>"; };
		540CA4DE1A831F5600A384C1 /* ProfileViewController.swift */ = {isa = PBXFileReference; fileEncoding = 4; lastKnownFileType = sourcecode.swift; path = ProfileViewController.swift; sourceTree = "<group>"; };
		540CA4E01A8325C300A384C1 /* AudioToolbox.framework */ = {isa = PBXFileReference; lastKnownFileType = wrapper.framework; name = AudioToolbox.framework; path = System/Library/Frameworks/AudioToolbox.framework; sourceTree = SDKROOT; };
		540CA4E21A8325C900A384C1 /* CFNetwork.framework */ = {isa = PBXFileReference; lastKnownFileType = wrapper.framework; name = CFNetwork.framework; path = System/Library/Frameworks/CFNetwork.framework; sourceTree = SDKROOT; };
		540CA4E41A8325CF00A384C1 /* CoreGraphics.framework */ = {isa = PBXFileReference; lastKnownFileType = wrapper.framework; name = CoreGraphics.framework; path = System/Library/Frameworks/CoreGraphics.framework; sourceTree = SDKROOT; };
		540CA4E61A8325D500A384C1 /* CoreLocation.framework */ = {isa = PBXFileReference; lastKnownFileType = wrapper.framework; name = CoreLocation.framework; path = System/Library/Frameworks/CoreLocation.framework; sourceTree = SDKROOT; };
		540CA4E81A8325DC00A384C1 /* libz.dylib */ = {isa = PBXFileReference; lastKnownFileType = "compiled.mach-o.dylib"; name = libz.dylib; path = usr/lib/libz.dylib; sourceTree = SDKROOT; };
		540CA4EA1A8325E300A384C1 /* MobileCoreServices.framework */ = {isa = PBXFileReference; lastKnownFileType = wrapper.framework; name = MobileCoreServices.framework; path = System/Library/Frameworks/MobileCoreServices.framework; sourceTree = SDKROOT; };
		540CA4EC1A8325E900A384C1 /* QuartzCore.framework */ = {isa = PBXFileReference; lastKnownFileType = wrapper.framework; name = QuartzCore.framework; path = System/Library/Frameworks/QuartzCore.framework; sourceTree = SDKROOT; };
		540CA4EE1A8325EE00A384C1 /* Security.framework */ = {isa = PBXFileReference; lastKnownFileType = wrapper.framework; name = Security.framework; path = System/Library/Frameworks/Security.framework; sourceTree = SDKROOT; };
		540CA4F01A8325F300A384C1 /* StoreKit.framework */ = {isa = PBXFileReference; lastKnownFileType = wrapper.framework; name = StoreKit.framework; path = System/Library/Frameworks/StoreKit.framework; sourceTree = SDKROOT; };
		540CA4F21A8325F800A384C1 /* SystemConfiguration.framework */ = {isa = PBXFileReference; lastKnownFileType = wrapper.framework; name = SystemConfiguration.framework; path = System/Library/Frameworks/SystemConfiguration.framework; sourceTree = SDKROOT; };
		540CA4FF1A83277F00A384C1 /* Pegg-Bridging-Header.h */ = {isa = PBXFileReference; lastKnownFileType = sourcecode.c.h; path = "Pegg-Bridging-Header.h"; sourceTree = "<group>"; };
		540CA50E1A832F8900A384C1 /* Bolts.framework */ = {isa = PBXFileReference; lastKnownFileType = wrapper.framework; name = Bolts.framework; path = "../../../Downloads/parse-library-1.6.2 3/Bolts.framework"; sourceTree = "<group>"; };
		540CA50F1A832F8900A384C1 /* Parse.framework */ = {isa = PBXFileReference; lastKnownFileType = wrapper.framework; name = Parse.framework; path = "../../../Downloads/parse-library-1.6.2 3/Parse.framework"; sourceTree = "<group>"; };
		540CA5101A832F8900A384C1 /* ParseCrashReporting.framework */ = {isa = PBXFileReference; lastKnownFileType = wrapper.framework; name = ParseCrashReporting.framework; path = "../../../Downloads/parse-library-1.6.2 3/ParseCrashReporting.framework"; sourceTree = "<group>"; };
		540CA5111A832F8900A384C1 /* ParseFacebookUtils.framework */ = {isa = PBXFileReference; lastKnownFileType = wrapper.framework; name = ParseFacebookUtils.framework; path = "../../../Downloads/parse-library-1.6.2 3/ParseFacebookUtils.framework"; sourceTree = "<group>"; };
		540CA5121A832F8900A384C1 /* ParseUI.framework */ = {isa = PBXFileReference; lastKnownFileType = wrapper.framework; name = ParseUI.framework; path = "../../../Downloads/parse-library-1.6.2 3/ParseUI.framework"; sourceTree = "<group>"; };
		544E41C81A8353520052C50D /* pegg_icon_full.png */ = {isa = PBXFileReference; lastKnownFileType = image.png; name = pegg_icon_full.png; path = Pegg/pegg_icon_full.png; sourceTree = "<group>"; };
		544E41CA1A83543F0052C50D /* pegg_icon_full copy_small.png */ = {isa = PBXFileReference; lastKnownFileType = image.png; path = "pegg_icon_full copy_small.png"; sourceTree = "<group>"; };
		544E41D01A83553B0052C50D /* bell_small.png */ = {isa = PBXFileReference; lastKnownFileType = image.png; path = bell_small.png; sourceTree = "<group>"; };
/* End PBXFileReference section */

/* Begin PBXFrameworksBuildPhase section */
		1733FA881A830CC0003C7773 /* Frameworks */ = {
			isa = PBXFrameworksBuildPhase;
			buildActionMask = 2147483647;
			files = (
			);
			runOnlyForDeploymentPostprocessing = 0;
		};
		1733FA9F1A830CC0003C7773 /* Frameworks */ = {
			isa = PBXFrameworksBuildPhase;
			buildActionMask = 2147483647;
			files = (
			);
			runOnlyForDeploymentPostprocessing = 0;
		};
/* End PBXFrameworksBuildPhase section */

/* Begin PBXGroup section */
		1733FA821A830CC0003C7773 = {
			isa = PBXGroup;
			children = (
				544E41C81A8353520052C50D /* pegg_icon_full.png */,
				544E41CA1A83543F0052C50D /* pegg_icon_full copy_small.png */,
				544E41D01A83553B0052C50D /* bell_small.png */,
				540CA4FE1A83266A00A384C1 /* Frameworks */,
				1733FA8D1A830CC0003C7773 /* Pegg */,
				1733FAA51A830CC0003C7773 /* PeggTests */,
				1733FA8C1A830CC0003C7773 /* Products */,
			);
			sourceTree = "<group>";
		};
		1733FA8C1A830CC0003C7773 /* Products */ = {
			isa = PBXGroup;
			children = (
				1733FA8B1A830CC0003C7773 /* Pegg.app */,
				1733FAA21A830CC0003C7773 /* PeggTests.xctest */,
			);
			name = Products;
			sourceTree = "<group>";
		};
		1733FA8D1A830CC0003C7773 /* Pegg */ = {
			isa = PBXGroup;
			children = (
				1733FA901A830CC0003C7773 /* AppDelegate.swift */,
				1733FAB41A83241D003C7773 /* AuthViewController.swift */,
				1733FA921A830CC0003C7773 /* FindViewController.swift */,
				540CA4DE1A831F5600A384C1 /* ProfileViewController.swift */,
				1733FA941A830CC0003C7773 /* PeggViewController.swift */,
				1733FA961A830CC0003C7773 /* Main.storyboard */,
				1733FA991A830CC0003C7773 /* Images.xcassets */,
				1733FA9B1A830CC0003C7773 /* LaunchScreen.xib */,
				1733FA8E1A830CC0003C7773 /* Supporting Files */,
				540CA4FF1A83277F00A384C1 /* Pegg-Bridging-Header.h */,
			);
			path = Pegg;
			sourceTree = "<group>";
		};
		1733FA8E1A830CC0003C7773 /* Supporting Files */ = {
			isa = PBXGroup;
			children = (
				1733FA8F1A830CC0003C7773 /* Info.plist */,
			);
			name = "Supporting Files";
			sourceTree = "<group>";
		};
		1733FAA51A830CC0003C7773 /* PeggTests */ = {
			isa = PBXGroup;
			children = (
				1733FAA81A830CC0003C7773 /* PeggTests.swift */,
				1733FAA61A830CC0003C7773 /* Supporting Files */,
			);
			path = PeggTests;
			sourceTree = "<group>";
		};
		1733FAA61A830CC0003C7773 /* Supporting Files */ = {
			isa = PBXGroup;
			children = (
				1733FAA71A830CC0003C7773 /* Info.plist */,
			);
			name = "Supporting Files";
			sourceTree = "<group>";
		};
		540CA4FE1A83266A00A384C1 /* Frameworks */ = {
			isa = PBXGroup;
			children = (
				540CA50E1A832F8900A384C1 /* Bolts.framework */,
				540CA50F1A832F8900A384C1 /* Parse.framework */,
				540CA5101A832F8900A384C1 /* ParseCrashReporting.framework */,
				540CA5111A832F8900A384C1 /* ParseFacebookUtils.framework */,
				540CA5121A832F8900A384C1 /* ParseUI.framework */,
				540CA4F21A8325F800A384C1 /* SystemConfiguration.framework */,
				540CA4F01A8325F300A384C1 /* StoreKit.framework */,
				540CA4EE1A8325EE00A384C1 /* Security.framework */,
				540CA4EC1A8325E900A384C1 /* QuartzCore.framework */,
				540CA4EA1A8325E300A384C1 /* MobileCoreServices.framework */,
				540CA4E81A8325DC00A384C1 /* libz.dylib */,
				540CA4E61A8325D500A384C1 /* CoreLocation.framework */,
				540CA4E41A8325CF00A384C1 /* CoreGraphics.framework */,
				540CA4E21A8325C900A384C1 /* CFNetwork.framework */,
				540CA4E01A8325C300A384C1 /* AudioToolbox.framework */,
			);
			name = Frameworks;
			sourceTree = "<group>";
		};
/* End PBXGroup section */

/* Begin PBXNativeTarget section */
		1733FA8A1A830CC0003C7773 /* Pegg */ = {
			isa = PBXNativeTarget;
			buildConfigurationList = 1733FAAC1A830CC0003C7773 /* Build configuration list for PBXNativeTarget "Pegg" */;
			buildPhases = (
				1733FA871A830CC0003C7773 /* Sources */,
				1733FA881A830CC0003C7773 /* Frameworks */,
				1733FA891A830CC0003C7773 /* Resources */,
			);
			buildRules = (
			);
			dependencies = (
			);
			name = Pegg;
			productName = Pegg;
			productReference = 1733FA8B1A830CC0003C7773 /* Pegg.app */;
			productType = "com.apple.product-type.application";
		};
		1733FAA11A830CC0003C7773 /* PeggTests */ = {
			isa = PBXNativeTarget;
			buildConfigurationList = 1733FAAF1A830CC0003C7773 /* Build configuration list for PBXNativeTarget "PeggTests" */;
			buildPhases = (
				1733FA9E1A830CC0003C7773 /* Sources */,
				1733FA9F1A830CC0003C7773 /* Frameworks */,
				1733FAA01A830CC0003C7773 /* Resources */,
			);
			buildRules = (
			);
			dependencies = (
				1733FAA41A830CC0003C7773 /* PBXTargetDependency */,
			);
			name = PeggTests;
			productName = PeggTests;
			productReference = 1733FAA21A830CC0003C7773 /* PeggTests.xctest */;
			productType = "com.apple.product-type.bundle.unit-test";
		};
/* End PBXNativeTarget section */

/* Begin PBXProject section */
		1733FA831A830CC0003C7773 /* Project object */ = {
			isa = PBXProject;
			attributes = {
				LastUpgradeCheck = 0610;
				ORGANIZATIONNAME = "Henry Saniuk, Stuart Olivera, Brandon Hudson";
				TargetAttributes = {
					1733FA8A1A830CC0003C7773 = {
						CreatedOnToolsVersion = 6.1.1;
						DevelopmentTeam = LCB3NE4A8E;
					};
					1733FAA11A830CC0003C7773 = {
						CreatedOnToolsVersion = 6.1.1;
						DevelopmentTeam = LCB3NE4A8E;
						TestTargetID = 1733FA8A1A830CC0003C7773;
					};
				};
			};
			buildConfigurationList = 1733FA861A830CC0003C7773 /* Build configuration list for PBXProject "Pegg" */;
			compatibilityVersion = "Xcode 3.2";
			developmentRegion = English;
			hasScannedForEncodings = 0;
			knownRegions = (
				en,
				Base,
			);
			mainGroup = 1733FA821A830CC0003C7773;
			productRefGroup = 1733FA8C1A830CC0003C7773 /* Products */;
			projectDirPath = "";
			projectRoot = "";
			targets = (
				1733FA8A1A830CC0003C7773 /* Pegg */,
				1733FAA11A830CC0003C7773 /* PeggTests */,
			);
		};
/* End PBXProject section */

/* Begin PBXResourcesBuildPhase section */
		1733FA891A830CC0003C7773 /* Resources */ = {
			isa = PBXResourcesBuildPhase;
			buildActionMask = 2147483647;
			files = (
				544E41D11A83553B0052C50D /* bell_small.png in Resources */,
				1733FA981A830CC0003C7773 /* Main.storyboard in Resources */,
				1733FA9D1A830CC0003C7773 /* LaunchScreen.xib in Resources */,
				544E41C91A8353520052C50D /* pegg_icon_full.png in Resources */,
				1733FA9A1A830CC0003C7773 /* Images.xcassets in Resources */,
				544E41CB1A83543F0052C50D /* pegg_icon_full copy_small.png in Resources */,
			);
			runOnlyForDeploymentPostprocessing = 0;
		};
		1733FAA01A830CC0003C7773 /* Resources */ = {
			isa = PBXResourcesBuildPhase;
			buildActionMask = 2147483647;
			files = (
			);
			runOnlyForDeploymentPostprocessing = 0;
		};
/* End PBXResourcesBuildPhase section */

/* Begin PBXSourcesBuildPhase section */
		1733FA871A830CC0003C7773 /* Sources */ = {
			isa = PBXSourcesBuildPhase;
			buildActionMask = 2147483647;
			files = (
				1733FA951A830CC0003C7773 /* PeggViewController.swift in Sources */,
				1733FA911A830CC0003C7773 /* AppDelegate.swift in Sources */,
				1733FAB51A83241D003C7773 /* AuthViewController.swift in Sources */,
				540CA4DF1A831F5600A384C1 /* ProfileViewController.swift in Sources */,
				1733FA931A830CC0003C7773 /* FindViewController.swift in Sources */,
			);
			runOnlyForDeploymentPostprocessing = 0;
		};
		1733FA9E1A830CC0003C7773 /* Sources */ = {
			isa = PBXSourcesBuildPhase;
			buildActionMask = 2147483647;
			files = (
				1733FAA91A830CC0003C7773 /* PeggTests.swift in Sources */,
			);
			runOnlyForDeploymentPostprocessing = 0;
		};
/* End PBXSourcesBuildPhase section */

/* Begin PBXTargetDependency section */
		1733FAA41A830CC0003C7773 /* PBXTargetDependency */ = {
			isa = PBXTargetDependency;
			target = 1733FA8A1A830CC0003C7773 /* Pegg */;
			targetProxy = 1733FAA31A830CC0003C7773 /* PBXContainerItemProxy */;
		};
/* End PBXTargetDependency section */

/* Begin PBXVariantGroup section */
		1733FA961A830CC0003C7773 /* Main.storyboard */ = {
			isa = PBXVariantGroup;
			children = (
				1733FA971A830CC0003C7773 /* Base */,
			);
			name = Main.storyboard;
			sourceTree = "<group>";
		};
		1733FA9B1A830CC0003C7773 /* LaunchScreen.xib */ = {
			isa = PBXVariantGroup;
			children = (
				1733FA9C1A830CC0003C7773 /* Base */,
			);
			name = LaunchScreen.xib;
			sourceTree = "<group>";
		};
/* End PBXVariantGroup section */

/* Begin XCBuildConfiguration section */
		1733FAAA1A830CC0003C7773 /* Debug */ = {
			isa = XCBuildConfiguration;
			buildSettings = {
				ALWAYS_SEARCH_USER_PATHS = NO;
				CLANG_CXX_LANGUAGE_STANDARD = "gnu++0x";
				CLANG_CXX_LIBRARY = "libc++";
				CLANG_ENABLE_MODULES = YES;
				CLANG_ENABLE_OBJC_ARC = YES;
				CLANG_WARN_BOOL_CONVERSION = YES;
				CLANG_WARN_CONSTANT_CONVERSION = YES;
				CLANG_WARN_DIRECT_OBJC_ISA_USAGE = YES_ERROR;
				CLANG_WARN_EMPTY_BODY = YES;
				CLANG_WARN_ENUM_CONVERSION = YES;
				CLANG_WARN_INT_CONVERSION = YES;
				CLANG_WARN_OBJC_ROOT_CLASS = YES_ERROR;
				CLANG_WARN_UNREACHABLE_CODE = YES;
				CLANG_WARN__DUPLICATE_METHOD_MATCH = YES;
				"CODE_SIGN_IDENTITY[sdk=iphoneos*]" = "iPhone Developer";
				COPY_PHASE_STRIP = NO;
				ENABLE_STRICT_OBJC_MSGSEND = YES;
				GCC_C_LANGUAGE_STANDARD = gnu99;
				GCC_DYNAMIC_NO_PIC = NO;
				GCC_OPTIMIZATION_LEVEL = 0;
				GCC_PREPROCESSOR_DEFINITIONS = (
					"DEBUG=1",
					"$(inherited)",
				);
				GCC_SYMBOLS_PRIVATE_EXTERN = NO;
				GCC_WARN_64_TO_32_BIT_CONVERSION = YES;
				GCC_WARN_ABOUT_RETURN_TYPE = YES_ERROR;
				GCC_WARN_UNDECLARED_SELECTOR = YES;
				GCC_WARN_UNINITIALIZED_AUTOS = YES_AGGRESSIVE;
				GCC_WARN_UNUSED_FUNCTION = YES;
				GCC_WARN_UNUSED_VARIABLE = YES;
				IPHONEOS_DEPLOYMENT_TARGET = 8.1;
				MTL_ENABLE_DEBUG_INFO = YES;
				ONLY_ACTIVE_ARCH = YES;
				SDKROOT = iphoneos;
				SWIFT_OPTIMIZATION_LEVEL = "-Onone";
				TARGETED_DEVICE_FAMILY = "1,2";
			};
			name = Debug;
		};
		1733FAAB1A830CC0003C7773 /* Release */ = {
			isa = XCBuildConfiguration;
			buildSettings = {
				ALWAYS_SEARCH_USER_PATHS = NO;
				CLANG_CXX_LANGUAGE_STANDARD = "gnu++0x";
				CLANG_CXX_LIBRARY = "libc++";
				CLANG_ENABLE_MODULES = YES;
				CLANG_ENABLE_OBJC_ARC = YES;
				CLANG_WARN_BOOL_CONVERSION = YES;
				CLANG_WARN_CONSTANT_CONVERSION = YES;
				CLANG_WARN_DIRECT_OBJC_ISA_USAGE = YES_ERROR;
				CLANG_WARN_EMPTY_BODY = YES;
				CLANG_WARN_ENUM_CONVERSION = YES;
				CLANG_WARN_INT_CONVERSION = YES;
				CLANG_WARN_OBJC_ROOT_CLASS = YES_ERROR;
				CLANG_WARN_UNREACHABLE_CODE = YES;
				CLANG_WARN__DUPLICATE_METHOD_MATCH = YES;
				"CODE_SIGN_IDENTITY[sdk=iphoneos*]" = "iPhone Developer";
				COPY_PHASE_STRIP = YES;
				ENABLE_NS_ASSERTIONS = NO;
				ENABLE_STRICT_OBJC_MSGSEND = YES;
				GCC_C_LANGUAGE_STANDARD = gnu99;
				GCC_WARN_64_TO_32_BIT_CONVERSION = YES;
				GCC_WARN_ABOUT_RETURN_TYPE = YES_ERROR;
				GCC_WARN_UNDECLARED_SELECTOR = YES;
				GCC_WARN_UNINITIALIZED_AUTOS = YES_AGGRESSIVE;
				GCC_WARN_UNUSED_FUNCTION = YES;
				GCC_WARN_UNUSED_VARIABLE = YES;
				IPHONEOS_DEPLOYMENT_TARGET = 8.1;
				MTL_ENABLE_DEBUG_INFO = NO;
				SDKROOT = iphoneos;
				TARGETED_DEVICE_FAMILY = "1,2";
				VALIDATE_PRODUCT = YES;
			};
			name = Release;
		};
		1733FAAD1A830CC0003C7773 /* Debug */ = {
			isa = XCBuildConfiguration;
			buildSettings = {
				ASSETCATALOG_COMPILER_APPICON_NAME = AppIcon;
				CLANG_ENABLE_MODULES = YES;
				CODE_SIGN_IDENTITY = "iPhone Developer";
				FRAMEWORK_SEARCH_PATHS = (
					"$(inherited)",
					"/Users/henrysaniuk/Downloads/parse-library-1.6.2",
					"/Users/henrysaniuk/Downloads/parse-library-1.6.2",
					2,
					"/Users/henrysaniuk/Downloads/parse-library-1.6.2",
					3,
				);
				INFOPLIST_FILE = Pegg/Info.plist;
				IPHONEOS_DEPLOYMENT_TARGET = 8.0;
				LD_RUNPATH_SEARCH_PATHS = "$(inherited) @executable_path/Frameworks";
				PRODUCT_NAME = "$(TARGET_NAME)";
				SWIFT_OBJC_BRIDGING_HEADER = "Pegg/Pegg-Bridging-Header.h";
				SWIFT_OPTIMIZATION_LEVEL = "-Onone";
			};
			name = Debug;
		};
		1733FAAE1A830CC0003C7773 /* Release */ = {
			isa = XCBuildConfiguration;
			buildSettings = {
				ASSETCATALOG_COMPILER_APPICON_NAME = AppIcon;
				CLANG_ENABLE_MODULES = YES;
				CODE_SIGN_IDENTITY = "iPhone Developer";
				FRAMEWORK_SEARCH_PATHS = (
					"$(inherited)",
					"/Users/henrysaniuk/Downloads/parse-library-1.6.2",
					"/Users/henrysaniuk/Downloads/parse-library-1.6.2",
					2,
					"/Users/henrysaniuk/Downloads/parse-library-1.6.2",
					3,
				);
				INFOPLIST_FILE = Pegg/Info.plist;
				IPHONEOS_DEPLOYMENT_TARGET = 8.0;
				LD_RUNPATH_SEARCH_PATHS = "$(inherited) @executable_path/Frameworks";
				PRODUCT_NAME = "$(TARGET_NAME)";
				SWIFT_OBJC_BRIDGING_HEADER = "Pegg/Pegg-Bridging-Header.h";
			};
			name = Release;
		};
		1733FAB01A830CC0003C7773 /* Debug */ = {
			isa = XCBuildConfiguration;
			buildSettings = {
				BUNDLE_LOADER = "$(TEST_HOST)";
				FRAMEWORK_SEARCH_PATHS = (
					"$(SDKROOT)/Developer/Library/Frameworks",
					"$(inherited)",
				);
				GCC_PREPROCESSOR_DEFINITIONS = (
					"DEBUG=1",
					"$(inherited)",
				);
				INFOPLIST_FILE = PeggTests/Info.plist;
				LD_RUNPATH_SEARCH_PATHS = "$(inherited) @executable_path/Frameworks @loader_path/Frameworks";
				PRODUCT_NAME = "$(TARGET_NAME)";
				TEST_HOST = "$(BUILT_PRODUCTS_DIR)/Pegg.app/Pegg";
			};
			name = Debug;
		};
		1733FAB11A830CC0003C7773 /* Release */ = {
			isa = XCBuildConfiguration;
			buildSettings = {
				BUNDLE_LOADER = "$(TEST_HOST)";
				FRAMEWORK_SEARCH_PATHS = (
					"$(SDKROOT)/Developer/Library/Frameworks",
					"$(inherited)",
				);
				INFOPLIST_FILE = PeggTests/Info.plist;
				LD_RUNPATH_SEARCH_PATHS = "$(inherited) @executable_path/Frameworks @loader_path/Frameworks";
				PRODUCT_NAME = "$(TARGET_NAME)";
				TEST_HOST = "$(BUILT_PRODUCTS_DIR)/Pegg.app/Pegg";
			};
			name = Release;
		};
/* End XCBuildConfiguration section */

/* Begin XCConfigurationList section */
		1733FA861A830CC0003C7773 /* Build configuration list for PBXProject "Pegg" */ = {
			isa = XCConfigurationList;
			buildConfigurations = (
				1733FAAA1A830CC0003C7773 /* Debug */,
				1733FAAB1A830CC0003C7773 /* Release */,
			);
			defaultConfigurationIsVisible = 0;
			defaultConfigurationName = Release;
		};
		1733FAAC1A830CC0003C7773 /* Build configuration list for PBXNativeTarget "Pegg" */ = {
			isa = XCConfigurationList;
			buildConfigurations = (
				1733FAAD1A830CC0003C7773 /* Debug */,
				1733FAAE1A830CC0003C7773 /* Release */,
			);
			defaultConfigurationIsVisible = 0;
			defaultConfigurationName = Release;
		};
		1733FAAF1A830CC0003C7773 /* Build configuration list for PBXNativeTarget "PeggTests" */ = {
			isa = XCConfigurationList;
			buildConfigurations = (
				1733FAB01A830CC0003C7773 /* Debug */,
				1733FAB11A830CC0003C7773 /* Release */,
			);
			defaultConfigurationIsVisible = 0;
			defaultConfigurationName = Release;
		};
/* End XCConfigurationList section */
	};
	rootObject = 1733FA831A830CC0003C7773 /* Project object */;
}
